// !$*UTF8*$!
{
	archiveVersion = 1;
	classes = {
	};
	objectVersion = 56;
	objects = {

/* Begin PBXBuildFile section */
		440EC31C2B45B5A500EB5EFD /* StoreKit.framework in Frameworks */ = {isa = PBXBuildFile; fileRef = 440EC31B2B45B5A500EB5EFD /* StoreKit.framework */; };
		4453D7272B013D4300EF05B1 /* ProfileView.swift in Sources */ = {isa = PBXBuildFile; fileRef = 4453D7262B013D4300EF05B1 /* ProfileView.swift */; };
		445540612B56DAB000F98B19 /* EmailView.swift in Sources */ = {isa = PBXBuildFile; fileRef = 445540602B56DAB000F98B19 /* EmailView.swift */; };
		445540632B56DAF500F98B19 /* PasswordView.swift in Sources */ = {isa = PBXBuildFile; fileRef = 445540622B56DAF500F98B19 /* PasswordView.swift */; };
		44572D8B2B3EC5DD00E212F4 /* SignInWithAppleButton.swift in Sources */ = {isa = PBXBuildFile; fileRef = 44572D8A2B3EC5DD00E212F4 /* SignInWithAppleButton.swift */; };
		44572D8D2B3EC6AA00E212F4 /* SignInWithAppleObject.swift in Sources */ = {isa = PBXBuildFile; fileRef = 44572D8C2B3EC6AA00E212F4 /* SignInWithAppleObject.swift */; };
		4481B7AA2AF5147400ABD0A8 /* GradientText.swift in Sources */ = {isa = PBXBuildFile; fileRef = 4481B7A92AF5147400ABD0A8 /* GradientText.swift */; };
		4481B7AC2AF514AD00ABD0A8 /* GradientButton.swift in Sources */ = {isa = PBXBuildFile; fileRef = 4481B7AB2AF514AD00ABD0A8 /* GradientButton.swift */; };
		4481B7AE2AF514C800ABD0A8 /* TextFieldIcon.swift in Sources */ = {isa = PBXBuildFile; fileRef = 4481B7AD2AF514C800ABD0A8 /* TextFieldIcon.swift */; };
		4492D7782AF5038A005EF364 /* Swift_UI_AdvancedApp.swift in Sources */ = {isa = PBXBuildFile; fileRef = 4492D7772AF5038A005EF364 /* Swift_UI_AdvancedApp.swift */; };
		4492D77A2AF5038A005EF364 /* SignUpView.swift in Sources */ = {isa = PBXBuildFile; fileRef = 4492D7792AF5038A005EF364 /* SignUpView.swift */; };
		4492D77C2AF5038C005EF364 /* Assets.xcassets in Resources */ = {isa = PBXBuildFile; fileRef = 4492D77B2AF5038C005EF364 /* Assets.xcassets */; };
		4492D77F2AF5038C005EF364 /* Preview Assets.xcassets in Resources */ = {isa = PBXBuildFile; fileRef = 4492D77E2AF5038C005EF364 /* Preview Assets.xcassets */; };
		4492D7812AF5038C005EF364 /* Persistence.swift in Sources */ = {isa = PBXBuildFile; fileRef = 4492D7802AF5038C005EF364 /* Persistence.swift */; };
		4492D7842AF5038C005EF364 /* Swift_UI_Advanced.xcdatamodeld in Sources */ = {isa = PBXBuildFile; fileRef = 4492D7822AF5038C005EF364 /* Swift_UI_Advanced.xcdatamodeld */; };
		4492D78F2AF503DC005EF364 /* VisualEffectBlur.swift in Sources */ = {isa = PBXBuildFile; fileRef = 4492D78D2AF503DC005EF364 /* VisualEffectBlur.swift */; };
		4492D7902AF503DC005EF364 /* ImagePicker.swift in Sources */ = {isa = PBXBuildFile; fileRef = 4492D78E2AF503DC005EF364 /* ImagePicker.swift */; };
		44A80D432AFAC6D200A89B32 /* FirebaseAuth in Frameworks */ = {isa = PBXBuildFile; productRef = 44A80D422AFAC6D200A89B32 /* FirebaseAuth */; };
		44A80D452AFAC73600A89B32 /* GoogleService-Info.plist in Resources */ = {isa = PBXBuildFile; fileRef = 44A80D442AFAC73600A89B32 /* GoogleService-Info.plist */; };
		44E3AFB22B45B0DE0058B835 /* ReceiptParser in Frameworks */ = {isa = PBXBuildFile; productRef = 44E3AFB12B45B0DE0058B835 /* ReceiptParser */; };
		44E3AFB42B45B0DE0058B835 /* RevenueCat in Frameworks */ = {isa = PBXBuildFile; productRef = 44E3AFB32B45B0DE0058B835 /* RevenueCat */; };
		44E3AFB62B45B0DE0058B835 /* RevenueCatUI in Frameworks */ = {isa = PBXBuildFile; productRef = 44E3AFB52B45B0DE0058B835 /* RevenueCatUI */; };
		44E570482B483596007650B4 /* GradientProfilePictureView.swift in Sources */ = {isa = PBXBuildFile; fileRef = 44E570472B483596007650B4 /* GradientProfilePictureView.swift */; };
		44E5704A2B484B6A007650B4 /* SettingsView.swift in Sources */ = {isa = PBXBuildFile; fileRef = 44E570492B484B6A007650B4 /* SettingsView.swift */; };
		44E5704C2B484D9F007650B4 /* GradientTextField.swift in Sources */ = {isa = PBXBuildFile; fileRef = 44E5704B2B484D9F007650B4 /* GradientTextField.swift */; };
/* End PBXBuildFile section */

/* Begin PBXFileReference section */
		440EC31B2B45B5A500EB5EFD /* StoreKit.framework */ = {isa = PBXFileReference; lastKnownFileType = wrapper.framework; name = StoreKit.framework; path = System/Library/Frameworks/StoreKit.framework; sourceTree = SDKROOT; };
		4453D7262B013D4300EF05B1 /* ProfileView.swift */ = {isa = PBXFileReference; lastKnownFileType = sourcecode.swift; path = ProfileView.swift; sourceTree = "<group>"; };
		445540602B56DAB000F98B19 /* EmailView.swift */ = {isa = PBXFileReference; lastKnownFileType = sourcecode.swift; path = EmailView.swift; sourceTree = "<group>"; };
		445540622B56DAF500F98B19 /* PasswordView.swift */ = {isa = PBXFileReference; lastKnownFileType = sourcecode.swift; path = PasswordView.swift; sourceTree = "<group>"; };
		44572D8A2B3EC5DD00E212F4 /* SignInWithAppleButton.swift */ = {isa = PBXFileReference; lastKnownFileType = sourcecode.swift; path = SignInWithAppleButton.swift; sourceTree = "<group>"; };
		44572D8C2B3EC6AA00E212F4 /* SignInWithAppleObject.swift */ = {isa = PBXFileReference; lastKnownFileType = sourcecode.swift; path = SignInWithAppleObject.swift; sourceTree = "<group>"; };
		4481B7A92AF5147400ABD0A8 /* GradientText.swift */ = {isa = PBXFileReference; lastKnownFileType = sourcecode.swift; path = GradientText.swift; sourceTree = "<group>"; };
		4481B7AB2AF514AD00ABD0A8 /* GradientButton.swift */ = {isa = PBXFileReference; lastKnownFileType = sourcecode.swift; path = GradientButton.swift; sourceTree = "<group>"; };
		4481B7AD2AF514C800ABD0A8 /* TextFieldIcon.swift */ = {isa = PBXFileReference; lastKnownFileType = sourcecode.swift; path = TextFieldIcon.swift; sourceTree = "<group>"; };
		4492D7742AF5038A005EF364 /* Swift UI Advanced.app */ = {isa = PBXFileReference; explicitFileType = wrapper.application; includeInIndex = 0; path = "Swift UI Advanced.app"; sourceTree = BUILT_PRODUCTS_DIR; };
		4492D7772AF5038A005EF364 /* Swift_UI_AdvancedApp.swift */ = {isa = PBXFileReference; lastKnownFileType = sourcecode.swift; path = Swift_UI_AdvancedApp.swift; sourceTree = "<group>"; };
		4492D7792AF5038A005EF364 /* SignUpView.swift */ = {isa = PBXFileReference; lastKnownFileType = sourcecode.swift; path = SignUpView.swift; sourceTree = "<group>"; };
		4492D77B2AF5038C005EF364 /* Assets.xcassets */ = {isa = PBXFileReference; lastKnownFileType = folder.assetcatalog; path = Assets.xcassets; sourceTree = "<group>"; };
		4492D77E2AF5038C005EF364 /* Preview Assets.xcassets */ = {isa = PBXFileReference; lastKnownFileType = folder.assetcatalog; path = "Preview Assets.xcassets"; sourceTree = "<group>"; };
		4492D7802AF5038C005EF364 /* Persistence.swift */ = {isa = PBXFileReference; lastKnownFileType = sourcecode.swift; path = Persistence.swift; sourceTree = "<group>"; };
		4492D7832AF5038C005EF364 /* Swift_UI_Advanced.xcdatamodel */ = {isa = PBXFileReference; lastKnownFileType = wrapper.xcdatamodel; path = Swift_UI_Advanced.xcdatamodel; sourceTree = "<group>"; };
		4492D7852AF5038C005EF364 /* Swift_UI_Advanced.entitlements */ = {isa = PBXFileReference; lastKnownFileType = text.plist.entitlements; path = Swift_UI_Advanced.entitlements; sourceTree = "<group>"; };
		4492D7862AF5038C005EF364 /* Info.plist */ = {isa = PBXFileReference; lastKnownFileType = text.plist.xml; path = Info.plist; sourceTree = "<group>"; };
		4492D78D2AF503DC005EF364 /* VisualEffectBlur.swift */ = {isa = PBXFileReference; fileEncoding = 4; lastKnownFileType = sourcecode.swift; path = VisualEffectBlur.swift; sourceTree = "<group>"; };
		4492D78E2AF503DC005EF364 /* ImagePicker.swift */ = {isa = PBXFileReference; fileEncoding = 4; lastKnownFileType = sourcecode.swift; path = ImagePicker.swift; sourceTree = "<group>"; };
		44A80D442AFAC73600A89B32 /* GoogleService-Info.plist */ = {isa = PBXFileReference; fileEncoding = 4; lastKnownFileType = text.plist.xml; path = "GoogleService-Info.plist"; sourceTree = "<group>"; };
		44E570472B483596007650B4 /* GradientProfilePictureView.swift */ = {isa = PBXFileReference; lastKnownFileType = sourcecode.swift; path = GradientProfilePictureView.swift; sourceTree = "<group>"; };
		44E570492B484B6A007650B4 /* SettingsView.swift */ = {isa = PBXFileReference; lastKnownFileType = sourcecode.swift; path = SettingsView.swift; sourceTree = "<group>"; };
		44E5704B2B484D9F007650B4 /* GradientTextField.swift */ = {isa = PBXFileReference; lastKnownFileType = sourcecode.swift; path = GradientTextField.swift; sourceTree = "<group>"; };
/* End PBXFileReference section */

/* Begin PBXFrameworksBuildPhase section */
		4492D7712AF5038A005EF364 /* Frameworks */ = {
			isa = PBXFrameworksBuildPhase;
			buildActionMask = 2147483647;
			files = (
				44E3AFB62B45B0DE0058B835 /* RevenueCatUI in Frameworks */,
				44E3AFB22B45B0DE0058B835 /* ReceiptParser in Frameworks */,
				440EC31C2B45B5A500EB5EFD /* StoreKit.framework in Frameworks */,
				44A80D432AFAC6D200A89B32 /* FirebaseAuth in Frameworks */,
				44E3AFB42B45B0DE0058B835 /* RevenueCat in Frameworks */,
			);
			runOnlyForDeploymentPostprocessing = 0;
		};
/* End PBXFrameworksBuildPhase section */

/* Begin PBXGroup section */
		4481B7A82AF5145E00ABD0A8 /* Views */ = {
			isa = PBXGroup;
			children = (
				4481B7A92AF5147400ABD0A8 /* GradientText.swift */,
				44E5704B2B484D9F007650B4 /* GradientTextField.swift */,
				445540602B56DAB000F98B19 /* EmailView.swift */,
				445540622B56DAF500F98B19 /* PasswordView.swift */,
				44E570472B483596007650B4 /* GradientProfilePictureView.swift */,
				44572D8A2B3EC5DD00E212F4 /* SignInWithAppleButton.swift */,
				4481B7AB2AF514AD00ABD0A8 /* GradientButton.swift */,
				4481B7AD2AF514C800ABD0A8 /* TextFieldIcon.swift */,
			);
			path = Views;
			sourceTree = "<group>";
		};
		4492D76B2AF5038A005EF364 = {
			isa = PBXGroup;
			children = (
				4492D7762AF5038A005EF364 /* Swift UI Advanced */,
				4492D7752AF5038A005EF364 /* Products */,
				44A80D412AFAC6D200A89B32 /* Frameworks */,
			);
			sourceTree = "<group>";
		};
		4492D7752AF5038A005EF364 /* Products */ = {
			isa = PBXGroup;
			children = (
				4492D7742AF5038A005EF364 /* Swift UI Advanced.app */,
			);
			name = Products;
			sourceTree = "<group>";
		};
		4492D7762AF5038A005EF364 /* Swift UI Advanced */ = {
			isa = PBXGroup;
			children = (
				4492D7772AF5038A005EF364 /* Swift_UI_AdvancedApp.swift */,
				4492D78C2AF503DC005EF364 /* Helpers */,
				4492D7792AF5038A005EF364 /* SignUpView.swift */,
				4453D7262B013D4300EF05B1 /* ProfileView.swift */,
				44E570492B484B6A007650B4 /* SettingsView.swift */,
				4481B7A82AF5145E00ABD0A8 /* Views */,
				4492D77B2AF5038C005EF364 /* Assets.xcassets */,
				4492D7802AF5038C005EF364 /* Persistence.swift */,
				4492D7852AF5038C005EF364 /* Swift_UI_Advanced.entitlements */,
				44A80D442AFAC73600A89B32 /* GoogleService-Info.plist */,
				4492D7862AF5038C005EF364 /* Info.plist */,
				4492D7822AF5038C005EF364 /* Swift_UI_Advanced.xcdatamodeld */,
				4492D77D2AF5038C005EF364 /* Preview Content */,
			);
			path = "Swift UI Advanced";
			sourceTree = "<group>";
		};
		4492D77D2AF5038C005EF364 /* Preview Content */ = {
			isa = PBXGroup;
			children = (
				4492D77E2AF5038C005EF364 /* Preview Assets.xcassets */,
			);
			path = "Preview Content";
			sourceTree = "<group>";
		};
		4492D78C2AF503DC005EF364 /* Helpers */ = {
			isa = PBXGroup;
			children = (
				4492D78D2AF503DC005EF364 /* VisualEffectBlur.swift */,
				44572D8C2B3EC6AA00E212F4 /* SignInWithAppleObject.swift */,
				4492D78E2AF503DC005EF364 /* ImagePicker.swift */,
			);
			path = Helpers;
			sourceTree = "<group>";
		};
		44A80D412AFAC6D200A89B32 /* Frameworks */ = {
			isa = PBXGroup;
			children = (
				440EC31B2B45B5A500EB5EFD /* StoreKit.framework */,
			);
			name = Frameworks;
			sourceTree = "<group>";
		};
/* End PBXGroup section */

/* Begin PBXNativeTarget section */
		4492D7732AF5038A005EF364 /* Swift UI Advanced */ = {
			isa = PBXNativeTarget;
			buildConfigurationList = 4492D7892AF5038C005EF364 /* Build configuration list for PBXNativeTarget "Swift UI Advanced" */;
			buildPhases = (
				4492D7702AF5038A005EF364 /* Sources */,
				4492D7712AF5038A005EF364 /* Frameworks */,
				4492D7722AF5038A005EF364 /* Resources */,
			);
			buildRules = (
			);
			dependencies = (
			);
			name = "Swift UI Advanced";
			packageProductDependencies = (
				44A80D422AFAC6D200A89B32 /* FirebaseAuth */,
				44E3AFB12B45B0DE0058B835 /* ReceiptParser */,
				44E3AFB32B45B0DE0058B835 /* RevenueCat */,
				44E3AFB52B45B0DE0058B835 /* RevenueCatUI */,
			);
			productName = "Swift UI Advanced";
			productReference = 4492D7742AF5038A005EF364 /* Swift UI Advanced.app */;
			productType = "com.apple.product-type.application";
		};
/* End PBXNativeTarget section */

/* Begin PBXProject section */
		4492D76C2AF5038A005EF364 /* Project object */ = {
			isa = PBXProject;
			attributes = {
				BuildIndependentTargetsInParallel = 1;
				LastSwiftUpdateCheck = 1500;
				LastUpgradeCheck = 1500;
				TargetAttributes = {
					4492D7732AF5038A005EF364 = {
						CreatedOnToolsVersion = 15.0.1;
					};
				};
			};
			buildConfigurationList = 4492D76F2AF5038A005EF364 /* Build configuration list for PBXProject "Swift UI Advanced" */;
			compatibilityVersion = "Xcode 14.0";
			developmentRegion = en;
			hasScannedForEncodings = 0;
			knownRegions = (
				en,
				Base,
			);
			mainGroup = 4492D76B2AF5038A005EF364;
			packageReferences = (
				44A80D362AFAC67600A89B32 /* XCRemoteSwiftPackageReference "firebase-ios-sdk" */,
				44E3AFB02B45B0DE0058B835 /* XCRemoteSwiftPackageReference "purchases-ios" */,
			);
			productRefGroup = 4492D7752AF5038A005EF364 /* Products */;
			projectDirPath = "";
			projectRoot = "";
			targets = (
				4492D7732AF5038A005EF364 /* Swift UI Advanced */,
			);
		};
/* End PBXProject section */

/* Begin PBXResourcesBuildPhase section */
		4492D7722AF5038A005EF364 /* Resources */ = {
			isa = PBXResourcesBuildPhase;
			buildActionMask = 2147483647;
			files = (
				4492D77F2AF5038C005EF364 /* Preview Assets.xcassets in Resources */,
				4492D77C2AF5038C005EF364 /* Assets.xcassets in Resources */,
				44A80D452AFAC73600A89B32 /* GoogleService-Info.plist in Resources */,
			);
			runOnlyForDeploymentPostprocessing = 0;
		};
/* End PBXResourcesBuildPhase section */

/* Begin PBXSourcesBuildPhase section */
		4492D7702AF5038A005EF364 /* Sources */ = {
			isa = PBXSourcesBuildPhase;
			buildActionMask = 2147483647;
			files = (
				4492D78F2AF503DC005EF364 /* VisualEffectBlur.swift in Sources */,
				445540632B56DAF500F98B19 /* PasswordView.swift in Sources */,
				4481B7AC2AF514AD00ABD0A8 /* GradientButton.swift in Sources */,
				4453D7272B013D4300EF05B1 /* ProfileView.swift in Sources */,
				44572D8D2B3EC6AA00E212F4 /* SignInWithAppleObject.swift in Sources */,
				4481B7AA2AF5147400ABD0A8 /* GradientText.swift in Sources */,
				44E5704C2B484D9F007650B4 /* GradientTextField.swift in Sources */,
				4492D7812AF5038C005EF364 /* Persistence.swift in Sources */,
				44E570482B483596007650B4 /* GradientProfilePictureView.swift in Sources */,
				44E5704A2B484B6A007650B4 /* SettingsView.swift in Sources */,
				4492D7842AF5038C005EF364 /* Swift_UI_Advanced.xcdatamodeld in Sources */,
				4481B7AE2AF514C800ABD0A8 /* TextFieldIcon.swift in Sources */,
				4492D7902AF503DC005EF364 /* ImagePicker.swift in Sources */,
				44572D8B2B3EC5DD00E212F4 /* SignInWithAppleButton.swift in Sources */,
				445540612B56DAB000F98B19 /* EmailView.swift in Sources */,
				4492D77A2AF5038A005EF364 /* SignUpView.swift in Sources */,
				4492D7782AF5038A005EF364 /* Swift_UI_AdvancedApp.swift in Sources */,
			);
			runOnlyForDeploymentPostprocessing = 0;
		};
/* End PBXSourcesBuildPhase section */

/* Begin XCBuildConfiguration section */
		4492D7872AF5038C005EF364 /* Debug */ = {
			isa = XCBuildConfiguration;
			buildSettings = {
				ALWAYS_SEARCH_USER_PATHS = NO;
				ASSETCATALOG_COMPILER_GENERATE_SWIFT_ASSET_SYMBOL_EXTENSIONS = YES;
				CLANG_ANALYZER_NONNULL = YES;
				CLANG_ANALYZER_NUMBER_OBJECT_CONVERSION = YES_AGGRESSIVE;
				CLANG_CXX_LANGUAGE_STANDARD = "gnu++20";
				CLANG_ENABLE_MODULES = YES;
				CLANG_ENABLE_OBJC_ARC = YES;
				CLANG_ENABLE_OBJC_WEAK = YES;
				CLANG_WARN_BLOCK_CAPTURE_AUTORELEASING = YES;
				CLANG_WARN_BOOL_CONVERSION = YES;
				CLANG_WARN_COMMA = YES;
				CLANG_WARN_CONSTANT_CONVERSION = YES;
				CLANG_WARN_DEPRECATED_OBJC_IMPLEMENTATIONS = YES;
				CLANG_WARN_DIRECT_OBJC_ISA_USAGE = YES_ERROR;
				CLANG_WARN_DOCUMENTATION_COMMENTS = YES;
				CLANG_WARN_EMPTY_BODY = YES;
				CLANG_WARN_ENUM_CONVERSION = YES;
				CLANG_WARN_INFINITE_RECURSION = YES;
				CLANG_WARN_INT_CONVERSION = YES;
				CLANG_WARN_NON_LITERAL_NULL_CONVERSION = YES;
				CLANG_WARN_OBJC_IMPLICIT_RETAIN_SELF = YES;
				CLANG_WARN_OBJC_LITERAL_CONVERSION = YES;
				CLANG_WARN_OBJC_ROOT_CLASS = YES_ERROR;
				CLANG_WARN_QUOTED_INCLUDE_IN_FRAMEWORK_HEADER = YES;
				CLANG_WARN_RANGE_LOOP_ANALYSIS = YES;
				CLANG_WARN_STRICT_PROTOTYPES = YES;
				CLANG_WARN_SUSPICIOUS_MOVE = YES;
				CLANG_WARN_UNGUARDED_AVAILABILITY = YES_AGGRESSIVE;
				CLANG_WARN_UNREACHABLE_CODE = YES;
				CLANG_WARN__DUPLICATE_METHOD_MATCH = YES;
				COPY_PHASE_STRIP = NO;
				DEBUG_INFORMATION_FORMAT = dwarf;
				ENABLE_STRICT_OBJC_MSGSEND = YES;
				ENABLE_TESTABILITY = YES;
				ENABLE_USER_SCRIPT_SANDBOXING = YES;
				GCC_C_LANGUAGE_STANDARD = gnu17;
				GCC_DYNAMIC_NO_PIC = NO;
				GCC_NO_COMMON_BLOCKS = YES;
				GCC_OPTIMIZATION_LEVEL = 0;
				GCC_PREPROCESSOR_DEFINITIONS = (
					"DEBUG=1",
					"$(inherited)",
				);
				GCC_WARN_64_TO_32_BIT_CONVERSION = YES;
				GCC_WARN_ABOUT_RETURN_TYPE = YES_ERROR;
				GCC_WARN_UNDECLARED_SELECTOR = YES;
				GCC_WARN_UNINITIALIZED_AUTOS = YES_AGGRESSIVE;
				GCC_WARN_UNUSED_FUNCTION = YES;
				GCC_WARN_UNUSED_VARIABLE = YES;
				IPHONEOS_DEPLOYMENT_TARGET = 17.0;
				LOCALIZATION_PREFERS_STRING_CATALOGS = YES;
				MTL_ENABLE_DEBUG_INFO = INCLUDE_SOURCE;
				MTL_FAST_MATH = YES;
				ONLY_ACTIVE_ARCH = YES;
				SDKROOT = iphoneos;
				SWIFT_ACTIVE_COMPILATION_CONDITIONS = "DEBUG $(inherited)";
				SWIFT_OPTIMIZATION_LEVEL = "-Onone";
			};
			name = Debug;
		};
		4492D7882AF5038C005EF364 /* Release */ = {
			isa = XCBuildConfiguration;
			buildSettings = {
				ALWAYS_SEARCH_USER_PATHS = NO;
				ASSETCATALOG_COMPILER_GENERATE_SWIFT_ASSET_SYMBOL_EXTENSIONS = YES;
				CLANG_ANALYZER_NONNULL = YES;
				CLANG_ANALYZER_NUMBER_OBJECT_CONVERSION = YES_AGGRESSIVE;
				CLANG_CXX_LANGUAGE_STANDARD = "gnu++20";
				CLANG_ENABLE_MODULES = YES;
				CLANG_ENABLE_OBJC_ARC = YES;
				CLANG_ENABLE_OBJC_WEAK = YES;
				CLANG_WARN_BLOCK_CAPTURE_AUTORELEASING = YES;
				CLANG_WARN_BOOL_CONVERSION = YES;
				CLANG_WARN_COMMA = YES;
				CLANG_WARN_CONSTANT_CONVERSION = YES;
				CLANG_WARN_DEPRECATED_OBJC_IMPLEMENTATIONS = YES;
				CLANG_WARN_DIRECT_OBJC_ISA_USAGE = YES_ERROR;
				CLANG_WARN_DOCUMENTATION_COMMENTS = YES;
				CLANG_WARN_EMPTY_BODY = YES;
				CLANG_WARN_ENUM_CONVERSION = YES;
				CLANG_WARN_INFINITE_RECURSION = YES;
				CLANG_WARN_INT_CONVERSION = YES;
				CLANG_WARN_NON_LITERAL_NULL_CONVERSION = YES;
				CLANG_WARN_OBJC_IMPLICIT_RETAIN_SELF = YES;
				CLANG_WARN_OBJC_LITERAL_CONVERSION = YES;
				CLANG_WARN_OBJC_ROOT_CLASS = YES_ERROR;
				CLANG_WARN_QUOTED_INCLUDE_IN_FRAMEWORK_HEADER = YES;
				CLANG_WARN_RANGE_LOOP_ANALYSIS = YES;
				CLANG_WARN_STRICT_PROTOTYPES = YES;
				CLANG_WARN_SUSPICIOUS_MOVE = YES;
				CLANG_WARN_UNGUARDED_AVAILABILITY = YES_AGGRESSIVE;
				CLANG_WARN_UNREACHABLE_CODE = YES;
				CLANG_WARN__DUPLICATE_METHOD_MATCH = YES;
				COPY_PHASE_STRIP = NO;
				DEBUG_INFORMATION_FORMAT = "dwarf-with-dsym";
				ENABLE_NS_ASSERTIONS = NO;
				ENABLE_STRICT_OBJC_MSGSEND = YES;
				ENABLE_USER_SCRIPT_SANDBOXING = YES;
				GCC_C_LANGUAGE_STANDARD = gnu17;
				GCC_NO_COMMON_BLOCKS = YES;
				GCC_WARN_64_TO_32_BIT_CONVERSION = YES;
				GCC_WARN_ABOUT_RETURN_TYPE = YES_ERROR;
				GCC_WARN_UNDECLARED_SELECTOR = YES;
				GCC_WARN_UNINITIALIZED_AUTOS = YES_AGGRESSIVE;
				GCC_WARN_UNUSED_FUNCTION = YES;
				GCC_WARN_UNUSED_VARIABLE = YES;
				IPHONEOS_DEPLOYMENT_TARGET = 17.0;
				LOCALIZATION_PREFERS_STRING_CATALOGS = YES;
				MTL_ENABLE_DEBUG_INFO = NO;
				MTL_FAST_MATH = YES;
				SDKROOT = iphoneos;
				SWIFT_COMPILATION_MODE = wholemodule;
				VALIDATE_PRODUCT = YES;
			};
			name = Release;
		};
		4492D78A2AF5038C005EF364 /* Debug */ = {
			isa = XCBuildConfiguration;
			buildSettings = {
				ASSETCATALOG_COMPILER_APPICON_NAME = AppIcon;
				ASSETCATALOG_COMPILER_GLOBAL_ACCENT_COLOR_NAME = AccentColor;
				CODE_SIGN_ENTITLEMENTS = "Swift UI Advanced/Swift_UI_Advanced.entitlements";
				CODE_SIGN_STYLE = Automatic;
				CURRENT_PROJECT_VERSION = 1;
				DEVELOPMENT_ASSET_PATHS = "\"Swift UI Advanced/Preview Content\"";
				DEVELOPMENT_TEAM = S5766AV554;
				ENABLE_PREVIEWS = YES;
				GENERATE_INFOPLIST_FILE = YES;
				INFOPLIST_FILE = "Swift UI Advanced/Info.plist";
				INFOPLIST_KEY_UIApplicationSceneManifest_Generation = YES;
				INFOPLIST_KEY_UIApplicationSupportsIndirectInputEvents = YES;
				INFOPLIST_KEY_UILaunchScreen_Generation = YES;
				INFOPLIST_KEY_UISupportedInterfaceOrientations_iPad = "UIInterfaceOrientationPortrait UIInterfaceOrientationPortraitUpsideDown UIInterfaceOrientationLandscapeLeft UIInterfaceOrientationLandscapeRight";
				INFOPLIST_KEY_UISupportedInterfaceOrientations_iPhone = "UIInterfaceOrientationPortrait UIInterfaceOrientationLandscapeLeft UIInterfaceOrientationLandscapeRight";
				LD_RUNPATH_SEARCH_PATHS = (
					"$(inherited)",
					"@executable_path/Frameworks",
				);
				MARKETING_VERSION = 1.0;
				PRODUCT_BUNDLE_IDENTIFIER = "com.notbad.Swift-UI-Advanced";
				PRODUCT_NAME = "$(TARGET_NAME)";
				SWIFT_EMIT_LOC_STRINGS = YES;
				SWIFT_VERSION = 5.0;
				TARGETED_DEVICE_FAMILY = "1,2";
			};
			name = Debug;
		};
		4492D78B2AF5038C005EF364 /* Release */ = {
			isa = XCBuildConfiguration;
			buildSettings = {
				ASSETCATALOG_COMPILER_APPICON_NAME = AppIcon;
				ASSETCATALOG_COMPILER_GLOBAL_ACCENT_COLOR_NAME = AccentColor;
				CODE_SIGN_ENTITLEMENTS = "Swift UI Advanced/Swift_UI_Advanced.entitlements";
				CODE_SIGN_STYLE = Automatic;
				CURRENT_PROJECT_VERSION = 1;
				DEVELOPMENT_ASSET_PATHS = "\"Swift UI Advanced/Preview Content\"";
				DEVELOPMENT_TEAM = S5766AV554;
				ENABLE_PREVIEWS = YES;
				GENERATE_INFOPLIST_FILE = YES;
				INFOPLIST_FILE = "Swift UI Advanced/Info.plist";
				INFOPLIST_KEY_UIApplicationSceneManifest_Generation = YES;
				INFOPLIST_KEY_UIApplicationSupportsIndirectInputEvents = YES;
				INFOPLIST_KEY_UILaunchScreen_Generation = YES;
				INFOPLIST_KEY_UISupportedInterfaceOrientations_iPad = "UIInterfaceOrientationPortrait UIInterfaceOrientationPortraitUpsideDown UIInterfaceOrientationLandscapeLeft UIInterfaceOrientationLandscapeRight";
				INFOPLIST_KEY_UISupportedInterfaceOrientations_iPhone = "UIInterfaceOrientationPortrait UIInterfaceOrientationLandscapeLeft UIInterfaceOrientationLandscapeRight";
				LD_RUNPATH_SEARCH_PATHS = (
					"$(inherited)",
					"@executable_path/Frameworks",
				);
				MARKETING_VERSION = 1.0;
				PRODUCT_BUNDLE_IDENTIFIER = "com.notbad.Swift-UI-Advanced";
				PRODUCT_NAME = "$(TARGET_NAME)";
				SWIFT_EMIT_LOC_STRINGS = YES;
				SWIFT_VERSION = 5.0;
				TARGETED_DEVICE_FAMILY = "1,2";
			};
			name = Release;
		};
/* End XCBuildConfiguration section */

/* Begin XCConfigurationList section */
		4492D76F2AF5038A005EF364 /* Build configuration list for PBXProject "Swift UI Advanced" */ = {
			isa = XCConfigurationList;
			buildConfigurations = (
				4492D7872AF5038C005EF364 /* Debug */,
				4492D7882AF5038C005EF364 /* Release */,
			);
			defaultConfigurationIsVisible = 0;
			defaultConfigurationName = Release;
		};
		4492D7892AF5038C005EF364 /* Build configuration list for PBXNativeTarget "Swift UI Advanced" */ = {
			isa = XCConfigurationList;
			buildConfigurations = (
				4492D78A2AF5038C005EF364 /* Debug */,
				4492D78B2AF5038C005EF364 /* Release */,
			);
			defaultConfigurationIsVisible = 0;
			defaultConfigurationName = Release;
		};
/* End XCConfigurationList section */

/* Begin XCRemoteSwiftPackageReference section */
		44A80D362AFAC67600A89B32 /* XCRemoteSwiftPackageReference "firebase-ios-sdk" */ = {
			isa = XCRemoteSwiftPackageReference;
			repositoryURL = "https://github.com/firebase/firebase-ios-sdk";
			requirement = {
				kind = upToNextMajorVersion;
				minimumVersion = 10.17.0;
			};
		};
		44E3AFB02B45B0DE0058B835 /* XCRemoteSwiftPackageReference "purchases-ios" */ = {
			isa = XCRemoteSwiftPackageReference;
			repositoryURL = "https://github.com/RevenueCat/purchases-ios";
			requirement = {
				kind = upToNextMajorVersion;
				minimumVersion = 4.31.6;
			};
		};
/* End XCRemoteSwiftPackageReference section */

/* Begin XCSwiftPackageProductDependency section */
		44A80D422AFAC6D200A89B32 /* FirebaseAuth */ = {
			isa = XCSwiftPackageProductDependency;
			package = 44A80D362AFAC67600A89B32 /* XCRemoteSwiftPackageReference "firebase-ios-sdk" */;
			productName = FirebaseAuth;
		};
		44E3AFB12B45B0DE0058B835 /* ReceiptParser */ = {
			isa = XCSwiftPackageProductDependency;
			package = 44E3AFB02B45B0DE0058B835 /* XCRemoteSwiftPackageReference "purchases-ios" */;
			productName = ReceiptParser;
		};
		44E3AFB32B45B0DE0058B835 /* RevenueCat */ = {
			isa = XCSwiftPackageProductDependency;
			package = 44E3AFB02B45B0DE0058B835 /* XCRemoteSwiftPackageReference "purchases-ios" */;
			productName = RevenueCat;
		};
		44E3AFB52B45B0DE0058B835 /* RevenueCatUI */ = {
			isa = XCSwiftPackageProductDependency;
			package = 44E3AFB02B45B0DE0058B835 /* XCRemoteSwiftPackageReference "purchases-ios" */;
			productName = RevenueCatUI;
		};
/* End XCSwiftPackageProductDependency section */

/* Begin XCVersionGroup section */
		4492D7822AF5038C005EF364 /* Swift_UI_Advanced.xcdatamodeld */ = {
			isa = XCVersionGroup;
			children = (
				4492D7832AF5038C005EF364 /* Swift_UI_Advanced.xcdatamodel */,
			);
			currentVersion = 4492D7832AF5038C005EF364 /* Swift_UI_Advanced.xcdatamodel */;
			path = Swift_UI_Advanced.xcdatamodeld;
			sourceTree = "<group>";
			versionGroupType = wrapper.xcdatamodel;
		};
/* End XCVersionGroup section */
	};
	rootObject = 4492D76C2AF5038A005EF364 /* Project object */;
}
